
Microsoft Visual Studio Solution File, Format Version 12.00
# Visual Studio Version 16
VisualStudioVersion = 16.0.34031.81
MinimumVisualStudioVersion = 10.0.40219.1
Project("{2150E333-8FDC-42A3-9474-1A3956D46DE8}") = "Task0", "Task0", "{269DB9F1-9C38-42A7-A252-2E072D79F6C0}"
EndProject
Project("{FAE04EC0-301F-11D3-BF4B-00C04F79EFBC}") = "Tyuiu.MalsagovUA.Sprint4.Task0.V29", "Tyuiu.MalsagovUA.Sprint4.Task0.V29\Tyuiu.MalsagovUA.Sprint4.Task0.V29.csproj", "{08879A5D-0B46-45AD-BEA1-666848CAFAA2}"
EndProject
Project("{FAE04EC0-301F-11D3-BF4B-00C04F79EFBC}") = "Tyuiu.MalsagovUA.Sprint4.Task0.V29.Lib", "Tyuiu.MalsagovUA.Sprint4.Task0.V29.Lib\Tyuiu.MalsagovUA.Sprint4.Task0.V29.Lib.csproj", "{82A95067-0D74-4FEF-8CC4-2500999E6962}"
EndProject
Project("{FAE04EC0-301F-11D3-BF4B-00C04F79EFBC}") = "Tyuiu.MalsagovUA.Sprint4.Task0.V29.Test", "Tyuiu.MalsagovUA.Sprint4.Task0.V29.Test\Tyuiu.MalsagovUA.Sprint4.Task0.V29.Test.csproj", "{CCBE720A-8E79-4191-BC49-25F8820D6C7C}"
EndProject
Project("{2150E333-8FDC-42A3-9474-1A3956D46DE8}") = "Task1", "Task1", "{1C1A585A-28D1-40D1-8D8C-1247EB02CBF5}"
EndProject
Project("{FAE04EC0-301F-11D3-BF4B-00C04F79EFBC}") = "Tyuiu.MalsagovUA.Sprint4.Task1.V1", "Tyuiu.MalsagovUA.Sprint4.Task1.V1\Tyuiu.MalsagovUA.Sprint4.Task1.V1.csproj", "{54EF7A76-96EE-4BA2-A4A3-EEA553E9E097}"
EndProject
Project("{FAE04EC0-301F-11D3-BF4B-00C04F79EFBC}") = "Tyuiu.MalsagovUA.Sprint4.Task1.V1.Lib", "Tyuiu.MalsagovUA.Sprint4.Task1.V1.Lib\Tyuiu.MalsagovUA.Sprint4.Task1.V1.Lib.csproj", "{DF26938B-6E09-4D51-A034-FCF906BC716F}"
EndProject
Project("{FAE04EC0-301F-11D3-BF4B-00C04F79EFBC}") = "Tyuiu.MalsagovUA.Sprint4.Task1.V1.Test", "Tyuiu.MalsagovUA.Sprint4.Task1.V1.Test\Tyuiu.MalsagovUA.Sprint4.Task1.V1.Test.csproj", "{E6B53839-43DA-4DFE-9B32-7B9C8E69200D}"
EndProject
Project("{2150E333-8FDC-42A3-9474-1A3956D46DE8}") = "Task2", "Task2", "{4DE9D51E-E376-4C0C-9E17-B50F0273B4FB}"
EndProject
Project("{FAE04EC0-301F-11D3-BF4B-00C04F79EFBC}") = "Tyuiu.MalsagovUA.Sprint4.Task2.V30", "Tyuiu.MalsagovUA.Sprint4.Task2.V30\Tyuiu.MalsagovUA.Sprint4.Task2.V30.csproj", "{CB739FD4-EBC6-42E0-B5A4-D606051091AD}"
EndProject
Project("{FAE04EC0-301F-11D3-BF4B-00C04F79EFBC}") = "Tyuiu.MalsagovUA.Sprint4.Task2.V30.Lib", "Tyuiu.MalsagovUA.Sprint4.Task2.V30.Lib\Tyuiu.MalsagovUA.Sprint4.Task2.V30.Lib.csproj", "{012317FC-0948-4859-9414-65E25E7F0D61}"
EndProject
Project("{FAE04EC0-301F-11D3-BF4B-00C04F79EFBC}") = "Tyuiu.MalsagovUA.Sprint4.Task2.V30.Test", "Tyuiu.MalsagovUA.Sprint4.Task2.V30.Test\Tyuiu.MalsagovUA.Sprint4.Task2.V30.Test.csproj", "{74F94952-7332-43AA-9E96-1D09ACA01065}"
EndProject
Global
	GlobalSection(SolutionConfigurationPlatforms) = preSolution
		Debug|Any CPU = Debug|Any CPU
		Release|Any CPU = Release|Any CPU
	EndGlobalSection
	GlobalSection(ProjectConfigurationPlatforms) = postSolution
		{08879A5D-0B46-45AD-BEA1-666848CAFAA2}.Debug|Any CPU.ActiveCfg = Debug|Any CPU
		{08879A5D-0B46-45AD-BEA1-666848CAFAA2}.Debug|Any CPU.Build.0 = Debug|Any CPU
		{08879A5D-0B46-45AD-BEA1-666848CAFAA2}.Release|Any CPU.ActiveCfg = Release|Any CPU
		{08879A5D-0B46-45AD-BEA1-666848CAFAA2}.Release|Any CPU.Build.0 = Release|Any CPU
		{82A95067-0D74-4FEF-8CC4-2500999E6962}.Debug|Any CPU.ActiveCfg = Debug|Any CPU
		{82A95067-0D74-4FEF-8CC4-2500999E6962}.Debug|Any CPU.Build.0 = Debug|Any CPU
		{82A95067-0D74-4FEF-8CC4-2500999E6962}.Release|Any CPU.ActiveCfg = Release|Any CPU
		{82A95067-0D74-4FEF-8CC4-2500999E6962}.Release|Any CPU.Build.0 = Release|Any CPU
		{CCBE720A-8E79-4191-BC49-25F8820D6C7C}.Debug|Any CPU.ActiveCfg = Debug|Any CPU
		{CCBE720A-8E79-4191-BC49-25F8820D6C7C}.Debug|Any CPU.Build.0 = Debug|Any CPU
		{CCBE720A-8E79-4191-BC49-25F8820D6C7C}.Release|Any CPU.ActiveCfg = Release|Any CPU
		{CCBE720A-8E79-4191-BC49-25F8820D6C7C}.Release|Any CPU.Build.0 = Release|Any CPU
		{54EF7A76-96EE-4BA2-A4A3-EEA553E9E097}.Debug|Any CPU.ActiveCfg = Debug|Any CPU
		{54EF7A76-96EE-4BA2-A4A3-EEA553E9E097}.Debug|Any CPU.Build.0 = Debug|Any CPU
		{54EF7A76-96EE-4BA2-A4A3-EEA553E9E097}.Release|Any CPU.ActiveCfg = Release|Any CPU
		{54EF7A76-96EE-4BA2-A4A3-EEA553E9E097}.Release|Any CPU.Build.0 = Release|Any CPU
		{DF26938B-6E09-4D51-A034-FCF906BC716F}.Debug|Any CPU.ActiveCfg = Debug|Any CPU
		{DF26938B-6E09-4D51-A034-FCF906BC716F}.Debug|Any CPU.Build.0 = Debug|Any CPU
		{DF26938B-6E09-4D51-A034-FCF906BC716F}.Release|Any CPU.ActiveCfg = Release|Any CPU
		{DF26938B-6E09-4D51-A034-FCF906BC716F}.Release|Any CPU.Build.0 = Release|Any CPU
		{E6B53839-43DA-4DFE-9B32-7B9C8E69200D}.Debug|Any CPU.ActiveCfg = Debug|Any CPU
		{E6B53839-43DA-4DFE-9B32-7B9C8E69200D}.Debug|Any CPU.Build.0 = Debug|Any CPU
		{E6B53839-43DA-4DFE-9B32-7B9C8E69200D}.Release|Any CPU.ActiveCfg = Release|Any CPU
		{E6B53839-43DA-4DFE-9B32-7B9C8E69200D}.Release|Any CPU.Build.0 = Release|Any CPU
		{CB739FD4-EBC6-42E0-B5A4-D606051091AD}.Debug|Any CPU.ActiveCfg = Debug|Any CPU
		{CB739FD4-EBC6-42E0-B5A4-D606051091AD}.Debug|Any CPU.Build.0 = Debug|Any CPU
		{CB739FD4-EBC6-42E0-B5A4-D606051091AD}.Release|Any CPU.ActiveCfg = Release|Any CPU
		{CB739FD4-EBC6-42E0-B5A4-D606051091AD}.Release|Any CPU.Build.0 = Release|Any CPU
		{012317FC-0948-4859-9414-65E25E7F0D61}.Debug|Any CPU.ActiveCfg = Debug|Any CPU
		{012317FC-0948-4859-9414-65E25E7F0D61}.Debug|Any CPU.Build.0 = Debug|Any CPU
		{012317FC-0948-4859-9414-65E25E7F0D61}.Release|Any CPU.ActiveCfg = Release|Any CPU
		{012317FC-0948-4859-9414-65E25E7F0D61}.Release|Any CPU.Build.0 = Release|Any CPU
		{74F94952-7332-43AA-9E96-1D09ACA01065}.Debug|Any CPU.ActiveCfg = Debug|Any CPU
		{74F94952-7332-43AA-9E96-1D09ACA01065}.Debug|Any CPU.Build.0 = Debug|Any CPU
		{74F94952-7332-43AA-9E96-1D09ACA01065}.Release|Any CPU.ActiveCfg = Release|Any CPU
		{74F94952-7332-43AA-9E96-1D09ACA01065}.Release|Any CPU.Build.0 = Release|Any CPU
	EndGlobalSection
	GlobalSection(SolutionProperties) = preSolution
		HideSolutionNode = FALSE
	EndGlobalSection
	GlobalSection(NestedProjects) = preSolution
		{08879A5D-0B46-45AD-BEA1-666848CAFAA2} = {269DB9F1-9C38-42A7-A252-2E072D79F6C0}
		{82A95067-0D74-4FEF-8CC4-2500999E6962} = {269DB9F1-9C38-42A7-A252-2E072D79F6C0}
		{CCBE720A-8E79-4191-BC49-25F8820D6C7C} = {269DB9F1-9C38-42A7-A252-2E072D79F6C0}
		{54EF7A76-96EE-4BA2-A4A3-EEA553E9E097} = {1C1A585A-28D1-40D1-8D8C-1247EB02CBF5}
		{DF26938B-6E09-4D51-A034-FCF906BC716F} = {1C1A585A-28D1-40D1-8D8C-1247EB02CBF5}
		{E6B53839-43DA-4DFE-9B32-7B9C8E69200D} = {1C1A585A-28D1-40D1-8D8C-1247EB02CBF5}
		{CB739FD4-EBC6-42E0-B5A4-D606051091AD} = {4DE9D51E-E376-4C0C-9E17-B50F0273B4FB}
		{012317FC-0948-4859-9414-65E25E7F0D61} = {4DE9D51E-E376-4C0C-9E17-B50F0273B4FB}
		{74F94952-7332-43AA-9E96-1D09ACA01065} = {4DE9D51E-E376-4C0C-9E17-B50F0273B4FB}
	EndGlobalSection
	GlobalSection(ExtensibilityGlobals) = postSolution
		SolutionGuid = {2FEC7EF1-94AC-451B-8D22-3AEB5C8A0AC3}
	EndGlobalSection
EndGlobal
