
Microsoft Visual Studio Solution File, Format Version 12.00
# Visual Studio Version 16
VisualStudioVersion = 16.0.34031.81
MinimumVisualStudioVersion = 10.0.40219.1
Project("{2150E333-8FDC-42A3-9474-1A3956D46DE8}") = "Task0", "Task0", "{269DB9F1-9C38-42A7-A252-2E072D79F6C0}"
EndProject
Project("{FAE04EC0-301F-11D3-BF4B-00C04F79EFBC}") = "Tyuiu.MalsagovUA.Sprint4.Task0.V29", "Tyuiu.MalsagovUA.Sprint4.Task0.V29\Tyuiu.MalsagovUA.Sprint4.Task0.V29.csproj", "{08879A5D-0B46-45AD-BEA1-666848CAFAA2}"
EndProject
Project("{FAE04EC0-301F-11D3-BF4B-00C04F79EFBC}") = "Tyuiu.MalsagovUA.Sprint4.Task0.V29.Lib", "Tyuiu.MalsagovUA.Sprint4.Task0.V29.Lib\Tyuiu.MalsagovUA.Sprint4.Task0.V29.Lib.csproj", "{82A95067-0D74-4FEF-8CC4-2500999E6962}"
EndProject
Project("{FAE04EC0-301F-11D3-BF4B-00C04F79EFBC}") = "Tyuiu.MalsagovUA.Sprint4.Task0.V29.Test", "Tyuiu.MalsagovUA.Sprint4.Task0.V29.Test\Tyuiu.MalsagovUA.Sprint4.Task0.V29.Test.csproj", "{CCBE720A-8E79-4191-BC49-25F8820D6C7C}"
EndProject
Project("{2150E333-8FDC-42A3-9474-1A3956D46DE8}") = "Task1", "Task1", "{1C1A585A-28D1-40D1-8D8C-1247EB02CBF5}"
EndProject
Project("{FAE04EC0-301F-11D3-BF4B-00C04F79EFBC}") = "Tyuiu.MalsagovUA.Sprint4.Task1.V1", "Tyuiu.MalsagovUA.Sprint4.Task1.V1\Tyuiu.MalsagovUA.Sprint4.Task1.V1.csproj", "{54EF7A76-96EE-4BA2-A4A3-EEA553E9E097}"
EndProject
Project("{FAE04EC0-301F-11D3-BF4B-00C04F79EFBC}") = "Tyuiu.MalsagovUA.Sprint4.Task1.V1.Lib", "Tyuiu.MalsagovUA.Sprint4.Task1.V1.Lib\Tyuiu.MalsagovUA.Sprint4.Task1.V1.Lib.csproj", "{DF26938B-6E09-4D51-A034-FCF906BC716F}"
EndProject
Project("{FAE04EC0-301F-11D3-BF4B-00C04F79EFBC}") = "Tyuiu.MalsagovUA.Sprint4.Task1.V1.Test", "Tyuiu.MalsagovUA.Sprint4.Task1.V1.Test\Tyuiu.MalsagovUA.Sprint4.Task1.V1.Test.csproj", "{E6B53839-43DA-4DFE-9B32-7B9C8E69200D}"
EndProject
Project("{2150E333-8FDC-42A3-9474-1A3956D46DE8}") = "Task2", "Task2", "{4DE9D51E-E376-4C0C-9E17-B50F0273B4FB}"
EndProject
Project("{FAE04EC0-301F-11D3-BF4B-00C04F79EFBC}") = "Tyuiu.MalsagovUA.Sprint4.Task2.V30", "Tyuiu.MalsagovUA.Sprint4.Task2.V30\Tyuiu.MalsagovUA.Sprint4.Task2.V30.csproj", "{CB739FD4-EBC6-42E0-B5A4-D606051091AD}"
EndProject
Project("{FAE04EC0-301F-11D3-BF4B-00C04F79EFBC}") = "Tyuiu.MalsagovUA.Sprint4.Task2.V30.Lib", "Tyuiu.MalsagovUA.Sprint4.Task2.V30.Lib\Tyuiu.MalsagovUA.Sprint4.Task2.V30.Lib.csproj", "{012317FC-0948-4859-9414-65E25E7F0D61}"
EndProject
Project("{FAE04EC0-301F-11D3-BF4B-00C04F79EFBC}") = "Tyuiu.MalsagovUA.Sprint4.Task2.V30.Test", "Tyuiu.MalsagovUA.Sprint4.Task2.V30.Test\Tyuiu.MalsagovUA.Sprint4.Task2.V30.Test.csproj", "{74F94952-7332-43AA-9E96-1D09ACA01065}"
EndProject
Project("{2150E333-8FDC-42A3-9474-1A3956D46DE8}") = "Task3", "Task3", "{BBAB3FE4-AD31-4BA7-A569-53EE4931B9FF}"
EndProject
Project("{FAE04EC0-301F-11D3-BF4B-00C04F79EFBC}") = "Tyuiu.MalsagovUA.Sprint4.Task3.V9", "Tyuiu.MalsagovUA.Sprint4.Task3.V9\Tyuiu.MalsagovUA.Sprint4.Task3.V9.csproj", "{9F548341-62FB-4827-AB56-E03C806D3151}"
EndProject
Project("{FAE04EC0-301F-11D3-BF4B-00C04F79EFBC}") = "Tyuiu.MalsagovUA.Sprint4.Task3.V9.Lib", "Tyuiu.MalsagovUA.Sprint4.Task3.V9.Lib\Tyuiu.MalsagovUA.Sprint4.Task3.V9.Lib.csproj", "{F85DB658-FB1D-42BA-82F2-3F06EBD35B0C}"
EndProject
Project("{FAE04EC0-301F-11D3-BF4B-00C04F79EFBC}") = "Tyuiu.MalsagovUA.Sprint4.Task3.V9.Test", "Tyuiu.MalsagovUA.Sprint4.Task3.V9.Test\Tyuiu.MalsagovUA.Sprint4.Task3.V9.Test.csproj", "{4645FF41-1CA2-4545-9803-6E4B15FB7DAA}"
EndProject
Project("{2150E333-8FDC-42A3-9474-1A3956D46DE8}") = "Task4", "Task4", "{FD2D8703-C1A9-4E91-B228-F36B98CD25A9}"
EndProject
Project("{FAE04EC0-301F-11D3-BF4B-00C04F79EFBC}") = "Tyuiu.MalsagovUA.Sprint4.Task4.V26", "Tyuiu.MalsagovUA.Sprint4.Task4.V26\Tyuiu.MalsagovUA.Sprint4.Task4.V26.csproj", "{1F1AB09D-D17C-403B-9D91-2CA93E846CDB}"
EndProject
Project("{FAE04EC0-301F-11D3-BF4B-00C04F79EFBC}") = "Tyuiu.MalsagovUA.Sprint4.Task4.V26.Lib", "Tyuiu.MalsagovUA.Sprint4.Task4.V26.Lib\Tyuiu.MalsagovUA.Sprint4.Task4.V26.Lib.csproj", "{5E7D67A3-B42D-4BCC-9BC1-FABE5AD9627E}"
EndProject
Project("{FAE04EC0-301F-11D3-BF4B-00C04F79EFBC}") = "Tyuiu.MalsagovUA.Sprint4.Task4.V26.Test", "Tyuiu.MalsagovUA.Sprint4.Task4.V26.Test\Tyuiu.MalsagovUA.Sprint4.Task4.V26.Test.csproj", "{CFE60940-5B6C-4988-B51C-5628DB72C929}"
EndProject
Project("{2150E333-8FDC-42A3-9474-1A3956D46DE8}") = "Task5", "Task5", "{D4705E68-6F36-402A-B3DC-423699355C0E}"
EndProject
Project("{FAE04EC0-301F-11D3-BF4B-00C04F79EFBC}") = "Tyuiu.MalsagovUA.Sprint4.Task5.V26", "Tyuiu.MalsagovUA.Sprint4.Task5.V26\Tyuiu.MalsagovUA.Sprint4.Task5.V26.csproj", "{D67DEC1B-A5A2-4A08-A41C-4C81F2D41D0C}"
EndProject
Project("{FAE04EC0-301F-11D3-BF4B-00C04F79EFBC}") = "Tyuiu.MalsagovUA.Sprint4.Task5.V26.Lib", "Tyuiu.MalsagovUA.Sprint4.Task5.V26.Lib\Tyuiu.MalsagovUA.Sprint4.Task5.V26.Lib.csproj", "{7570C921-71FD-4549-9B1A-D9A42671071E}"
EndProject
Project("{FAE04EC0-301F-11D3-BF4B-00C04F79EFBC}") = "Tyuiu.MalsagovUA.Sprint4.Task5.V26.Test", "Tyuiu.MalsagovUA.Sprint4.Task5.V26.Test\Tyuiu.MalsagovUA.Sprint4.Task5.V26.Test.csproj", "{16E319E8-E6D0-4FB1-845A-34B6CB5CB92D}"
EndProject
Project("{2150E333-8FDC-42A3-9474-1A3956D46DE8}") = "Task6", "Task6", "{850CA9F3-F151-4ADE-960A-9FDB70EB0132}"
EndProject
Project("{FAE04EC0-301F-11D3-BF4B-00C04F79EFBC}") = "Tyuiu.MalsagovUA.Sprint4.Task6.V6", "Tyuiu.MalsagovUA.Sprint4.Task6.V6\Tyuiu.MalsagovUA.Sprint4.Task6.V6.csproj", "{E2F95DC9-8719-40ED-9E52-53C05F8EBF53}"
EndProject
Project("{FAE04EC0-301F-11D3-BF4B-00C04F79EFBC}") = "Tyuiu.MalsagovUA.Sprint4.Task6.V6.Lib", "Tyuiu.MalsagovUA.Sprint4.Task6.V6.Lib\Tyuiu.MalsagovUA.Sprint4.Task6.V6.Lib.csproj", "{BD23F79F-D994-4C6A-8547-95D3090ED733}"
EndProject
Project("{FAE04EC0-301F-11D3-BF4B-00C04F79EFBC}") = "Tyuiu.MalsagovUA.Sprint4.Task6.V6.Test", "Tyuiu.MalsagovUA.Sprint4.Task6.V6.Test\Tyuiu.MalsagovUA.Sprint4.Task6.V6.Test.csproj", "{2867CC1A-C4C2-4E15-ACD4-52699E4F313E}"
EndProject
Global
	GlobalSection(SolutionConfigurationPlatforms) = preSolution
		Debug|Any CPU = Debug|Any CPU
		Release|Any CPU = Release|Any CPU
	EndGlobalSection
	GlobalSection(ProjectConfigurationPlatforms) = postSolution
		{08879A5D-0B46-45AD-BEA1-666848CAFAA2}.Debug|Any CPU.ActiveCfg = Debug|Any CPU
		{08879A5D-0B46-45AD-BEA1-666848CAFAA2}.Debug|Any CPU.Build.0 = Debug|Any CPU
		{08879A5D-0B46-45AD-BEA1-666848CAFAA2}.Release|Any CPU.ActiveCfg = Release|Any CPU
		{08879A5D-0B46-45AD-BEA1-666848CAFAA2}.Release|Any CPU.Build.0 = Release|Any CPU
		{82A95067-0D74-4FEF-8CC4-2500999E6962}.Debug|Any CPU.ActiveCfg = Debug|Any CPU
		{82A95067-0D74-4FEF-8CC4-2500999E6962}.Debug|Any CPU.Build.0 = Debug|Any CPU
		{82A95067-0D74-4FEF-8CC4-2500999E6962}.Release|Any CPU.ActiveCfg = Release|Any CPU
		{82A95067-0D74-4FEF-8CC4-2500999E6962}.Release|Any CPU.Build.0 = Release|Any CPU
		{CCBE720A-8E79-4191-BC49-25F8820D6C7C}.Debug|Any CPU.ActiveCfg = Debug|Any CPU
		{CCBE720A-8E79-4191-BC49-25F8820D6C7C}.Debug|Any CPU.Build.0 = Debug|Any CPU
		{CCBE720A-8E79-4191-BC49-25F8820D6C7C}.Release|Any CPU.ActiveCfg = Release|Any CPU
		{CCBE720A-8E79-4191-BC49-25F8820D6C7C}.Release|Any CPU.Build.0 = Release|Any CPU
		{54EF7A76-96EE-4BA2-A4A3-EEA553E9E097}.Debug|Any CPU.ActiveCfg = Debug|Any CPU
		{54EF7A76-96EE-4BA2-A4A3-EEA553E9E097}.Debug|Any CPU.Build.0 = Debug|Any CPU
		{54EF7A76-96EE-4BA2-A4A3-EEA553E9E097}.Release|Any CPU.ActiveCfg = Release|Any CPU
		{54EF7A76-96EE-4BA2-A4A3-EEA553E9E097}.Release|Any CPU.Build.0 = Release|Any CPU
		{DF26938B-6E09-4D51-A034-FCF906BC716F}.Debug|Any CPU.ActiveCfg = Debug|Any CPU
		{DF26938B-6E09-4D51-A034-FCF906BC716F}.Debug|Any CPU.Build.0 = Debug|Any CPU
		{DF26938B-6E09-4D51-A034-FCF906BC716F}.Release|Any CPU.ActiveCfg = Release|Any CPU
		{DF26938B-6E09-4D51-A034-FCF906BC716F}.Release|Any CPU.Build.0 = Release|Any CPU
		{E6B53839-43DA-4DFE-9B32-7B9C8E69200D}.Debug|Any CPU.ActiveCfg = Debug|Any CPU
		{E6B53839-43DA-4DFE-9B32-7B9C8E69200D}.Debug|Any CPU.Build.0 = Debug|Any CPU
		{E6B53839-43DA-4DFE-9B32-7B9C8E69200D}.Release|Any CPU.ActiveCfg = Release|Any CPU
		{E6B53839-43DA-4DFE-9B32-7B9C8E69200D}.Release|Any CPU.Build.0 = Release|Any CPU
		{CB739FD4-EBC6-42E0-B5A4-D606051091AD}.Debug|Any CPU.ActiveCfg = Debug|Any CPU
		{CB739FD4-EBC6-42E0-B5A4-D606051091AD}.Debug|Any CPU.Build.0 = Debug|Any CPU
		{CB739FD4-EBC6-42E0-B5A4-D606051091AD}.Release|Any CPU.ActiveCfg = Release|Any CPU
		{CB739FD4-EBC6-42E0-B5A4-D606051091AD}.Release|Any CPU.Build.0 = Release|Any CPU
		{012317FC-0948-4859-9414-65E25E7F0D61}.Debug|Any CPU.ActiveCfg = Debug|Any CPU
		{012317FC-0948-4859-9414-65E25E7F0D61}.Debug|Any CPU.Build.0 = Debug|Any CPU
		{012317FC-0948-4859-9414-65E25E7F0D61}.Release|Any CPU.ActiveCfg = Release|Any CPU
		{012317FC-0948-4859-9414-65E25E7F0D61}.Release|Any CPU.Build.0 = Release|Any CPU
		{74F94952-7332-43AA-9E96-1D09ACA01065}.Debug|Any CPU.ActiveCfg = Debug|Any CPU
		{74F94952-7332-43AA-9E96-1D09ACA01065}.Debug|Any CPU.Build.0 = Debug|Any CPU
		{74F94952-7332-43AA-9E96-1D09ACA01065}.Release|Any CPU.ActiveCfg = Release|Any CPU
		{74F94952-7332-43AA-9E96-1D09ACA01065}.Release|Any CPU.Build.0 = Release|Any CPU
		{9F548341-62FB-4827-AB56-E03C806D3151}.Debug|Any CPU.ActiveCfg = Debug|Any CPU
		{9F548341-62FB-4827-AB56-E03C806D3151}.Debug|Any CPU.Build.0 = Debug|Any CPU
		{9F548341-62FB-4827-AB56-E03C806D3151}.Release|Any CPU.ActiveCfg = Release|Any CPU
		{9F548341-62FB-4827-AB56-E03C806D3151}.Release|Any CPU.Build.0 = Release|Any CPU
		{F85DB658-FB1D-42BA-82F2-3F06EBD35B0C}.Debug|Any CPU.ActiveCfg = Debug|Any CPU
		{F85DB658-FB1D-42BA-82F2-3F06EBD35B0C}.Debug|Any CPU.Build.0 = Debug|Any CPU
		{F85DB658-FB1D-42BA-82F2-3F06EBD35B0C}.Release|Any CPU.ActiveCfg = Release|Any CPU
		{F85DB658-FB1D-42BA-82F2-3F06EBD35B0C}.Release|Any CPU.Build.0 = Release|Any CPU
		{4645FF41-1CA2-4545-9803-6E4B15FB7DAA}.Debug|Any CPU.ActiveCfg = Debug|Any CPU
		{4645FF41-1CA2-4545-9803-6E4B15FB7DAA}.Debug|Any CPU.Build.0 = Debug|Any CPU
		{4645FF41-1CA2-4545-9803-6E4B15FB7DAA}.Release|Any CPU.ActiveCfg = Release|Any CPU
		{4645FF41-1CA2-4545-9803-6E4B15FB7DAA}.Release|Any CPU.Build.0 = Release|Any CPU
		{1F1AB09D-D17C-403B-9D91-2CA93E846CDB}.Debug|Any CPU.ActiveCfg = Debug|Any CPU
		{1F1AB09D-D17C-403B-9D91-2CA93E846CDB}.Debug|Any CPU.Build.0 = Debug|Any CPU
		{1F1AB09D-D17C-403B-9D91-2CA93E846CDB}.Release|Any CPU.ActiveCfg = Release|Any CPU
		{1F1AB09D-D17C-403B-9D91-2CA93E846CDB}.Release|Any CPU.Build.0 = Release|Any CPU
		{5E7D67A3-B42D-4BCC-9BC1-FABE5AD9627E}.Debug|Any CPU.ActiveCfg = Debug|Any CPU
		{5E7D67A3-B42D-4BCC-9BC1-FABE5AD9627E}.Debug|Any CPU.Build.0 = Debug|Any CPU
		{5E7D67A3-B42D-4BCC-9BC1-FABE5AD9627E}.Release|Any CPU.ActiveCfg = Release|Any CPU
		{5E7D67A3-B42D-4BCC-9BC1-FABE5AD9627E}.Release|Any CPU.Build.0 = Release|Any CPU
		{CFE60940-5B6C-4988-B51C-5628DB72C929}.Debug|Any CPU.ActiveCfg = Debug|Any CPU
		{CFE60940-5B6C-4988-B51C-5628DB72C929}.Debug|Any CPU.Build.0 = Debug|Any CPU
		{CFE60940-5B6C-4988-B51C-5628DB72C929}.Release|Any CPU.ActiveCfg = Release|Any CPU
		{CFE60940-5B6C-4988-B51C-5628DB72C929}.Release|Any CPU.Build.0 = Release|Any CPU
		{D67DEC1B-A5A2-4A08-A41C-4C81F2D41D0C}.Debug|Any CPU.ActiveCfg = Debug|Any CPU
		{D67DEC1B-A5A2-4A08-A41C-4C81F2D41D0C}.Debug|Any CPU.Build.0 = Debug|Any CPU
		{D67DEC1B-A5A2-4A08-A41C-4C81F2D41D0C}.Release|Any CPU.ActiveCfg = Release|Any CPU
		{D67DEC1B-A5A2-4A08-A41C-4C81F2D41D0C}.Release|Any CPU.Build.0 = Release|Any CPU
		{7570C921-71FD-4549-9B1A-D9A42671071E}.Debug|Any CPU.ActiveCfg = Debug|Any CPU
		{7570C921-71FD-4549-9B1A-D9A42671071E}.Debug|Any CPU.Build.0 = Debug|Any CPU
		{7570C921-71FD-4549-9B1A-D9A42671071E}.Release|Any CPU.ActiveCfg = Release|Any CPU
		{7570C921-71FD-4549-9B1A-D9A42671071E}.Release|Any CPU.Build.0 = Release|Any CPU
		{16E319E8-E6D0-4FB1-845A-34B6CB5CB92D}.Debug|Any CPU.ActiveCfg = Debug|Any CPU
		{16E319E8-E6D0-4FB1-845A-34B6CB5CB92D}.Debug|Any CPU.Build.0 = Debug|Any CPU
		{16E319E8-E6D0-4FB1-845A-34B6CB5CB92D}.Release|Any CPU.ActiveCfg = Release|Any CPU
		{16E319E8-E6D0-4FB1-845A-34B6CB5CB92D}.Release|Any CPU.Build.0 = Release|Any CPU
		{E2F95DC9-8719-40ED-9E52-53C05F8EBF53}.Debug|Any CPU.ActiveCfg = Debug|Any CPU
		{E2F95DC9-8719-40ED-9E52-53C05F8EBF53}.Debug|Any CPU.Build.0 = Debug|Any CPU
		{E2F95DC9-8719-40ED-9E52-53C05F8EBF53}.Release|Any CPU.ActiveCfg = Release|Any CPU
		{E2F95DC9-8719-40ED-9E52-53C05F8EBF53}.Release|Any CPU.Build.0 = Release|Any CPU
		{BD23F79F-D994-4C6A-8547-95D3090ED733}.Debug|Any CPU.ActiveCfg = Debug|Any CPU
		{BD23F79F-D994-4C6A-8547-95D3090ED733}.Debug|Any CPU.Build.0 = Debug|Any CPU
		{BD23F79F-D994-4C6A-8547-95D3090ED733}.Release|Any CPU.ActiveCfg = Release|Any CPU
		{BD23F79F-D994-4C6A-8547-95D3090ED733}.Release|Any CPU.Build.0 = Release|Any CPU
		{2867CC1A-C4C2-4E15-ACD4-52699E4F313E}.Debug|Any CPU.ActiveCfg = Debug|Any CPU
		{2867CC1A-C4C2-4E15-ACD4-52699E4F313E}.Debug|Any CPU.Build.0 = Debug|Any CPU
		{2867CC1A-C4C2-4E15-ACD4-52699E4F313E}.Release|Any CPU.ActiveCfg = Release|Any CPU
		{2867CC1A-C4C2-4E15-ACD4-52699E4F313E}.Release|Any CPU.Build.0 = Release|Any CPU
	EndGlobalSection
	GlobalSection(SolutionProperties) = preSolution
		HideSolutionNode = FALSE
	EndGlobalSection
	GlobalSection(NestedProjects) = preSolution
		{08879A5D-0B46-45AD-BEA1-666848CAFAA2} = {269DB9F1-9C38-42A7-A252-2E072D79F6C0}
		{82A95067-0D74-4FEF-8CC4-2500999E6962} = {269DB9F1-9C38-42A7-A252-2E072D79F6C0}
		{CCBE720A-8E79-4191-BC49-25F8820D6C7C} = {269DB9F1-9C38-42A7-A252-2E072D79F6C0}
		{54EF7A76-96EE-4BA2-A4A3-EEA553E9E097} = {1C1A585A-28D1-40D1-8D8C-1247EB02CBF5}
		{DF26938B-6E09-4D51-A034-FCF906BC716F} = {1C1A585A-28D1-40D1-8D8C-1247EB02CBF5}
		{E6B53839-43DA-4DFE-9B32-7B9C8E69200D} = {1C1A585A-28D1-40D1-8D8C-1247EB02CBF5}
		{CB739FD4-EBC6-42E0-B5A4-D606051091AD} = {4DE9D51E-E376-4C0C-9E17-B50F0273B4FB}
		{012317FC-0948-4859-9414-65E25E7F0D61} = {4DE9D51E-E376-4C0C-9E17-B50F0273B4FB}
		{74F94952-7332-43AA-9E96-1D09ACA01065} = {4DE9D51E-E376-4C0C-9E17-B50F0273B4FB}
		{9F548341-62FB-4827-AB56-E03C806D3151} = {BBAB3FE4-AD31-4BA7-A569-53EE4931B9FF}
		{F85DB658-FB1D-42BA-82F2-3F06EBD35B0C} = {BBAB3FE4-AD31-4BA7-A569-53EE4931B9FF}
		{4645FF41-1CA2-4545-9803-6E4B15FB7DAA} = {BBAB3FE4-AD31-4BA7-A569-53EE4931B9FF}
		{1F1AB09D-D17C-403B-9D91-2CA93E846CDB} = {FD2D8703-C1A9-4E91-B228-F36B98CD25A9}
		{5E7D67A3-B42D-4BCC-9BC1-FABE5AD9627E} = {FD2D8703-C1A9-4E91-B228-F36B98CD25A9}
		{CFE60940-5B6C-4988-B51C-5628DB72C929} = {FD2D8703-C1A9-4E91-B228-F36B98CD25A9}
		{D67DEC1B-A5A2-4A08-A41C-4C81F2D41D0C} = {D4705E68-6F36-402A-B3DC-423699355C0E}
		{7570C921-71FD-4549-9B1A-D9A42671071E} = {D4705E68-6F36-402A-B3DC-423699355C0E}
		{16E319E8-E6D0-4FB1-845A-34B6CB5CB92D} = {D4705E68-6F36-402A-B3DC-423699355C0E}
		{E2F95DC9-8719-40ED-9E52-53C05F8EBF53} = {850CA9F3-F151-4ADE-960A-9FDB70EB0132}
		{BD23F79F-D994-4C6A-8547-95D3090ED733} = {850CA9F3-F151-4ADE-960A-9FDB70EB0132}
		{2867CC1A-C4C2-4E15-ACD4-52699E4F313E} = {850CA9F3-F151-4ADE-960A-9FDB70EB0132}
	EndGlobalSection
	GlobalSection(ExtensibilityGlobals) = postSolution
		SolutionGuid = {2FEC7EF1-94AC-451B-8D22-3AEB5C8A0AC3}
	EndGlobalSection
EndGlobal
